
Microsoft Visual Studio Solution File, Format Version 12.00
# Visual Studio 15
VisualStudioVersion = 15.0.26730.16
MinimumVisualStudioVersion = 10.0.40219.1
Project("{FAE04EC0-301F-11D3-BF4B-00C04F79EFBC}") = "01ExcellentResult", "01ExcellentResult\01ExcellentResult.csproj", "{67A87D42-18F9-4F08-8110-D2F63F5D0231}"
EndProject
Project("{FAE04EC0-301F-11D3-BF4B-00C04F79EFBC}") = "02ExcellentOrNot", "02ExcellentOrNot\02ExcellentOrNot.csproj", "{367AB12B-A119-4593-AB5F-A45CBE71C7ED}"
EndProject
Project("{FAE04EC0-301F-11D3-BF4B-00C04F79EFBC}") = "03EvenOrOdd", "03EvenOrOdd\03EvenOrOdd.csproj", "{5FD8A1D8-E754-4521-AB99-A6679F98E130}"
EndProject
Project("{FAE04EC0-301F-11D3-BF4B-00C04F79EFBC}") = "03Number0_9ToText", "03Number0_9ToText\03Number0_9ToText.csproj", "{0842752C-1CE8-45B4-B830-5D1DDBB923CE}"
EndProject
Project("{FAE04EC0-301F-11D3-BF4B-00C04F79EFBC}") = "24Numbers1toNwithStep3", "24Numbers1toNwithStep3\24Numbers1toNwithStep3.csproj", "{BEDDA73C-E5A1-4C7A-821C-B209A3777871}"
EndProject
Project("{FAE04EC0-301F-11D3-BF4B-00C04F79EFBC}") = "25NumbersFromNto1", "25NumbersFromNto1\25NumbersFromNto1.csproj", "{D66DD455-42DE-4FD5-91FA-3EB3A0A19F52}"
EndProject
Project("{FAE04EC0-301F-11D3-BF4B-00C04F79EFBC}") = "05SmallShop", "05SmallShop\05SmallShop.csproj", "{05185CC6-5D4A-4F87-85CE-28B59C4BED82}"
EndProject
Project("{FAE04EC0-301F-11D3-BF4B-00C04F79EFBC}") = "07FruitOrVegetable", "07FruitOrVegetable\07FruitOrVegetable.csproj", "{16C0CC5A-FA3D-4561-A72D-4C42E6A41444}"
EndProject
Project("{FAE04EC0-301F-11D3-BF4B-00C04F79EFBC}") = "08BonusScore", "08BonusScore\08BonusScore.csproj", "{EE064981-D1BC-45A3-853E-2CB108139C04}"
EndProject
Project("{FAE04EC0-301F-11D3-BF4B-00C04F79EFBC}") = "10EqualWords", "10EqualWords\10EqualWords.csproj", "{99A688D6-0F40-4C2F-80F8-153446A7311D}"
EndProject
Project("{FAE04EC0-301F-11D3-BF4B-00C04F79EFBC}") = "18NumbersFrom1to100", "18NumbersFrom1to100\18NumbersFrom1to100.csproj", "{F390B85C-1B33-48C3-95EC-8B90224F50F9}"
EndProject
Project("{FAE04EC0-301F-11D3-BF4B-00C04F79EFBC}") = "20Numbersto1000Ending7", "20Numbersto1000Ending7\20Numbersto1000Ending7.csproj", "{ABCEE613-8A24-4813-8354-89238F5AF52C}"
EndProject
Project("{FAE04EC0-301F-11D3-BF4B-00C04F79EFBC}") = "27Sequence2k+1", "27Sequence2k+1\27Sequence2k+1.csproj", "{AEA26906-92EB-4EC5-BEC4-CBEB0D980760}"
EndProject
Project("{FAE04EC0-301F-11D3-BF4B-00C04F79EFBC}") = "28Factorial", "28Factorial\28Factorial.csproj", "{1A2026D8-91CA-4180-8B97-2B6782F6FD08}"
EndProject
Project("{FAE04EC0-301F-11D3-BF4B-00C04F79EFBC}") = "29SumDigitsOfANumber", "29SumDigitsOfANumber\29SumDigitsOfANumber.csproj", "{571F00C2-34AD-4DF6-B881-39726121A16A}"
EndProject
Project("{FAE04EC0-301F-11D3-BF4B-00C04F79EFBC}") = "30LatinLetters", "30LatinLetters\30LatinLetters.csproj", "{43EFDE4E-7A91-4874-AA4C-EE288634C179}"
EndProject
Project("{FAE04EC0-301F-11D3-BF4B-00C04F79EFBC}") = "31MinNumber", "31MinNumber\31MinNumber.csproj", "{4B7AD6E7-AD5C-413C-B65F-67DB43C5C081}"
EndProject
Project("{FAE04EC0-301F-11D3-BF4B-00C04F79EFBC}") = "32EvenOddSum", "32EvenOddSum\32EvenOddSum.csproj", "{75077A74-B9F7-4B8E-A559-0536EEC5F655}"
EndProject
Project("{FAE04EC0-301F-11D3-BF4B-00C04F79EFBC}") = "33EqualPairs", "33EqualPairs\33EqualPairs.csproj", "{5709880E-9404-439E-9708-B0EE2AB35313}"
EndProject
Project("{FAE04EC0-301F-11D3-BF4B-00C04F79EFBC}") = "06PointInRectangle", "06PointInRectangle\06PointInRectangle.csproj", "{2448EC08-6D21-46A9-8B82-44064F40983E}"
EndProject
Project("{FAE04EC0-301F-11D3-BF4B-00C04F79EFBC}") = "09MetricConverter", "09MetricConverter\09MetricConverter.csproj", "{53C2F1E7-176B-45ED-9001-A5C7C0650832}"
EndProject
Project("{FAE04EC0-301F-11D3-BF4B-00C04F79EFBC}") = "34CheckPrimeNumber", "34CheckPrimeNumber\34CheckPrimeNumber.csproj", "{2168DBEA-37CC-4621-A24D-3B3333F4D157}"
EndProject
Global
	GlobalSection(SolutionConfigurationPlatforms) = preSolution
		Debug|Any CPU = Debug|Any CPU
		Release|Any CPU = Release|Any CPU
	EndGlobalSection
	GlobalSection(ProjectConfigurationPlatforms) = postSolution
		{67A87D42-18F9-4F08-8110-D2F63F5D0231}.Debug|Any CPU.ActiveCfg = Debug|Any CPU
		{67A87D42-18F9-4F08-8110-D2F63F5D0231}.Debug|Any CPU.Build.0 = Debug|Any CPU
		{67A87D42-18F9-4F08-8110-D2F63F5D0231}.Release|Any CPU.ActiveCfg = Release|Any CPU
		{67A87D42-18F9-4F08-8110-D2F63F5D0231}.Release|Any CPU.Build.0 = Release|Any CPU
		{367AB12B-A119-4593-AB5F-A45CBE71C7ED}.Debug|Any CPU.ActiveCfg = Debug|Any CPU
		{367AB12B-A119-4593-AB5F-A45CBE71C7ED}.Debug|Any CPU.Build.0 = Debug|Any CPU
		{367AB12B-A119-4593-AB5F-A45CBE71C7ED}.Release|Any CPU.ActiveCfg = Release|Any CPU
		{367AB12B-A119-4593-AB5F-A45CBE71C7ED}.Release|Any CPU.Build.0 = Release|Any CPU
		{5FD8A1D8-E754-4521-AB99-A6679F98E130}.Debug|Any CPU.ActiveCfg = Debug|Any CPU
		{5FD8A1D8-E754-4521-AB99-A6679F98E130}.Debug|Any CPU.Build.0 = Debug|Any CPU
		{5FD8A1D8-E754-4521-AB99-A6679F98E130}.Release|Any CPU.ActiveCfg = Release|Any CPU
		{5FD8A1D8-E754-4521-AB99-A6679F98E130}.Release|Any CPU.Build.0 = Release|Any CPU
		{0842752C-1CE8-45B4-B830-5D1DDBB923CE}.Debug|Any CPU.ActiveCfg = Debug|Any CPU
		{0842752C-1CE8-45B4-B830-5D1DDBB923CE}.Debug|Any CPU.Build.0 = Debug|Any CPU
		{0842752C-1CE8-45B4-B830-5D1DDBB923CE}.Release|Any CPU.ActiveCfg = Release|Any CPU
		{0842752C-1CE8-45B4-B830-5D1DDBB923CE}.Release|Any CPU.Build.0 = Release|Any CPU
		{BEDDA73C-E5A1-4C7A-821C-B209A3777871}.Debug|Any CPU.ActiveCfg = Debug|Any CPU
		{BEDDA73C-E5A1-4C7A-821C-B209A3777871}.Debug|Any CPU.Build.0 = Debug|Any CPU
		{BEDDA73C-E5A1-4C7A-821C-B209A3777871}.Release|Any CPU.ActiveCfg = Release|Any CPU
		{BEDDA73C-E5A1-4C7A-821C-B209A3777871}.Release|Any CPU.Build.0 = Release|Any CPU
		{D66DD455-42DE-4FD5-91FA-3EB3A0A19F52}.Debug|Any CPU.ActiveCfg = Debug|Any CPU
		{D66DD455-42DE-4FD5-91FA-3EB3A0A19F52}.Debug|Any CPU.Build.0 = Debug|Any CPU
		{D66DD455-42DE-4FD5-91FA-3EB3A0A19F52}.Release|Any CPU.ActiveCfg = Release|Any CPU
		{D66DD455-42DE-4FD5-91FA-3EB3A0A19F52}.Release|Any CPU.Build.0 = Release|Any CPU
		{05185CC6-5D4A-4F87-85CE-28B59C4BED82}.Debug|Any CPU.ActiveCfg = Debug|Any CPU
		{05185CC6-5D4A-4F87-85CE-28B59C4BED82}.Debug|Any CPU.Build.0 = Debug|Any CPU
		{05185CC6-5D4A-4F87-85CE-28B59C4BED82}.Release|Any CPU.ActiveCfg = Release|Any CPU
		{05185CC6-5D4A-4F87-85CE-28B59C4BED82}.Release|Any CPU.Build.0 = Release|Any CPU
		{16C0CC5A-FA3D-4561-A72D-4C42E6A41444}.Debug|Any CPU.ActiveCfg = Debug|Any CPU
		{16C0CC5A-FA3D-4561-A72D-4C42E6A41444}.Debug|Any CPU.Build.0 = Debug|Any CPU
		{16C0CC5A-FA3D-4561-A72D-4C42E6A41444}.Release|Any CPU.ActiveCfg = Release|Any CPU
		{16C0CC5A-FA3D-4561-A72D-4C42E6A41444}.Release|Any CPU.Build.0 = Release|Any CPU
		{EE064981-D1BC-45A3-853E-2CB108139C04}.Debug|Any CPU.ActiveCfg = Debug|Any CPU
		{EE064981-D1BC-45A3-853E-2CB108139C04}.Debug|Any CPU.Build.0 = Debug|Any CPU
		{EE064981-D1BC-45A3-853E-2CB108139C04}.Release|Any CPU.ActiveCfg = Release|Any CPU
		{EE064981-D1BC-45A3-853E-2CB108139C04}.Release|Any CPU.Build.0 = Release|Any CPU
		{99A688D6-0F40-4C2F-80F8-153446A7311D}.Debug|Any CPU.ActiveCfg = Debug|Any CPU
		{99A688D6-0F40-4C2F-80F8-153446A7311D}.Debug|Any CPU.Build.0 = Debug|Any CPU
		{99A688D6-0F40-4C2F-80F8-153446A7311D}.Release|Any CPU.ActiveCfg = Release|Any CPU
		{99A688D6-0F40-4C2F-80F8-153446A7311D}.Release|Any CPU.Build.0 = Release|Any CPU
		{F390B85C-1B33-48C3-95EC-8B90224F50F9}.Debug|Any CPU.ActiveCfg = Debug|Any CPU
		{F390B85C-1B33-48C3-95EC-8B90224F50F9}.Debug|Any CPU.Build.0 = Debug|Any CPU
		{F390B85C-1B33-48C3-95EC-8B90224F50F9}.Release|Any CPU.ActiveCfg = Release|Any CPU
		{F390B85C-1B33-48C3-95EC-8B90224F50F9}.Release|Any CPU.Build.0 = Release|Any CPU
		{ABCEE613-8A24-4813-8354-89238F5AF52C}.Debug|Any CPU.ActiveCfg = Debug|Any CPU
		{ABCEE613-8A24-4813-8354-89238F5AF52C}.Debug|Any CPU.Build.0 = Debug|Any CPU
		{ABCEE613-8A24-4813-8354-89238F5AF52C}.Release|Any CPU.ActiveCfg = Release|Any CPU
		{ABCEE613-8A24-4813-8354-89238F5AF52C}.Release|Any CPU.Build.0 = Release|Any CPU
		{AEA26906-92EB-4EC5-BEC4-CBEB0D980760}.Debug|Any CPU.ActiveCfg = Debug|Any CPU
		{AEA26906-92EB-4EC5-BEC4-CBEB0D980760}.Debug|Any CPU.Build.0 = Debug|Any CPU
		{AEA26906-92EB-4EC5-BEC4-CBEB0D980760}.Release|Any CPU.ActiveCfg = Release|Any CPU
		{AEA26906-92EB-4EC5-BEC4-CBEB0D980760}.Release|Any CPU.Build.0 = Release|Any CPU
		{1A2026D8-91CA-4180-8B97-2B6782F6FD08}.Debug|Any CPU.ActiveCfg = Debug|Any CPU
		{1A2026D8-91CA-4180-8B97-2B6782F6FD08}.Debug|Any CPU.Build.0 = Debug|Any CPU
		{1A2026D8-91CA-4180-8B97-2B6782F6FD08}.Release|Any CPU.ActiveCfg = Release|Any CPU
		{1A2026D8-91CA-4180-8B97-2B6782F6FD08}.Release|Any CPU.Build.0 = Release|Any CPU
		{571F00C2-34AD-4DF6-B881-39726121A16A}.Debug|Any CPU.ActiveCfg = Debug|Any CPU
		{571F00C2-34AD-4DF6-B881-39726121A16A}.Debug|Any CPU.Build.0 = Debug|Any CPU
		{571F00C2-34AD-4DF6-B881-39726121A16A}.Release|Any CPU.ActiveCfg = Release|Any CPU
		{571F00C2-34AD-4DF6-B881-39726121A16A}.Release|Any CPU.Build.0 = Release|Any CPU
		{43EFDE4E-7A91-4874-AA4C-EE288634C179}.Debug|Any CPU.ActiveCfg = Debug|Any CPU
		{43EFDE4E-7A91-4874-AA4C-EE288634C179}.Debug|Any CPU.Build.0 = Debug|Any CPU
		{43EFDE4E-7A91-4874-AA4C-EE288634C179}.Release|Any CPU.ActiveCfg = Release|Any CPU
		{43EFDE4E-7A91-4874-AA4C-EE288634C179}.Release|Any CPU.Build.0 = Release|Any CPU
		{4B7AD6E7-AD5C-413C-B65F-67DB43C5C081}.Debug|Any CPU.ActiveCfg = Debug|Any CPU
		{4B7AD6E7-AD5C-413C-B65F-67DB43C5C081}.Debug|Any CPU.Build.0 = Debug|Any CPU
		{4B7AD6E7-AD5C-413C-B65F-67DB43C5C081}.Release|Any CPU.ActiveCfg = Release|Any CPU
		{4B7AD6E7-AD5C-413C-B65F-67DB43C5C081}.Release|Any CPU.Build.0 = Release|Any CPU
		{75077A74-B9F7-4B8E-A559-0536EEC5F655}.Debug|Any CPU.ActiveCfg = Debug|Any CPU
		{75077A74-B9F7-4B8E-A559-0536EEC5F655}.Debug|Any CPU.Build.0 = Debug|Any CPU
		{75077A74-B9F7-4B8E-A559-0536EEC5F655}.Release|Any CPU.ActiveCfg = Release|Any CPU
		{75077A74-B9F7-4B8E-A559-0536EEC5F655}.Release|Any CPU.Build.0 = Release|Any CPU
		{5709880E-9404-439E-9708-B0EE2AB35313}.Debug|Any CPU.ActiveCfg = Debug|Any CPU
		{5709880E-9404-439E-9708-B0EE2AB35313}.Debug|Any CPU.Build.0 = Debug|Any CPU
		{5709880E-9404-439E-9708-B0EE2AB35313}.Release|Any CPU.ActiveCfg = Release|Any CPU
		{5709880E-9404-439E-9708-B0EE2AB35313}.Release|Any CPU.Build.0 = Release|Any CPU
		{2448EC08-6D21-46A9-8B82-44064F40983E}.Debug|Any CPU.ActiveCfg = Debug|Any CPU
		{2448EC08-6D21-46A9-8B82-44064F40983E}.Debug|Any CPU.Build.0 = Debug|Any CPU
		{2448EC08-6D21-46A9-8B82-44064F40983E}.Release|Any CPU.ActiveCfg = Release|Any CPU
		{2448EC08-6D21-46A9-8B82-44064F40983E}.Release|Any CPU.Build.0 = Release|Any CPU
		{53C2F1E7-176B-45ED-9001-A5C7C0650832}.Debug|Any CPU.ActiveCfg = Debug|Any CPU
		{53C2F1E7-176B-45ED-9001-A5C7C0650832}.Debug|Any CPU.Build.0 = Debug|Any CPU
		{53C2F1E7-176B-45ED-9001-A5C7C0650832}.Release|Any CPU.ActiveCfg = Release|Any CPU
		{53C2F1E7-176B-45ED-9001-A5C7C0650832}.Release|Any CPU.Build.0 = Release|Any CPU
		{2168DBEA-37CC-4621-A24D-3B3333F4D157}.Debug|Any CPU.ActiveCfg = Debug|Any CPU
		{2168DBEA-37CC-4621-A24D-3B3333F4D157}.Debug|Any CPU.Build.0 = Debug|Any CPU
		{2168DBEA-37CC-4621-A24D-3B3333F4D157}.Release|Any CPU.ActiveCfg = Release|Any CPU
		{2168DBEA-37CC-4621-A24D-3B3333F4D157}.Release|Any CPU.Build.0 = Release|Any CPU
	EndGlobalSection
	GlobalSection(SolutionProperties) = preSolution
		HideSolutionNode = FALSE
	EndGlobalSection
	GlobalSection(ExtensibilityGlobals) = postSolution
		SolutionGuid = {37B34D3C-88CF-4998-B2D8-D9AE62BFEA2D}
	EndGlobalSection
EndGlobal
